
Microsoft Visual Studio Solution File, Format Version 12.00
# Visual Studio Version 17
VisualStudioVersion = 17.6.33829.357
MinimumVisualStudioVersion = 10.0.40219.1
Project("{FAE04EC0-301F-11D3-BF4B-00C04F79EFBC}") = "Server", "Server\Server.csproj", "{87FD2A8C-B356-4EE5-BC39-000F68DBD3E2}"
EndProject
Project("{54A90642-561A-4BB1-A94E-469ADEE60C69}") = "Client", "Client\Client.esproj", "{EAEC6674-1CD3-4696-90AC-DA88E8B5F089}"
EndProject
Global
	GlobalSection(SolutionConfigurationPlatforms) = preSolution
		Debug|Any CPU = Debug|Any CPU
		Release|Any CPU = Release|Any CPU
	EndGlobalSection
	GlobalSection(ProjectConfigurationPlatforms) = postSolution
		{87FD2A8C-B356-4EE5-BC39-000F68DBD3E2}.Debug|Any CPU.ActiveCfg = Debug|Any CPU
		{87FD2A8C-B356-4EE5-BC39-000F68DBD3E2}.Debug|Any CPU.Build.0 = Debug|Any CPU
		{87FD2A8C-B356-4EE5-BC39-000F68DBD3E2}.Release|Any CPU.ActiveCfg = Release|Any CPU
		{87FD2A8C-B356-4EE5-BC39-000F68DBD3E2}.Release|Any CPU.Build.0 = Release|Any CPU
		{EAEC6674-1CD3-4696-90AC-DA88E8B5F089}.Debug|Any CPU.ActiveCfg = Debug|Any CPU
		{EAEC6674-1CD3-4696-90AC-DA88E8B5F089}.Debug|Any CPU.Build.0 = Debug|Any CPU
		{EAEC6674-1CD3-4696-90AC-DA88E8B5F089}.Debug|Any CPU.Deploy.0 = Debug|Any CPU
		{EAEC6674-1CD3-4696-90AC-DA88E8B5F089}.Release|Any CPU.ActiveCfg = Release|Any CPU
		{EAEC6674-1CD3-4696-90AC-DA88E8B5F089}.Release|Any CPU.Build.0 = Release|Any CPU
		{EAEC6674-1CD3-4696-90AC-DA88E8B5F089}.Release|Any CPU.Deploy.0 = Release|Any CPU
	EndGlobalSection
	GlobalSection(SolutionProperties) = preSolution
		HideSolutionNode = FALSE
	EndGlobalSection
	GlobalSection(ExtensibilityGlobals) = postSolution
		SolutionGuid = {1F66CCB8-E977-4D59-9D30-0C0E39347D67}
	EndGlobalSection
EndGlobal
